// !$*UTF8*$!
{
	archiveVersion = 1;
	classes = {
	};
	objectVersion = 56;
	objects = {

/* Begin PBXBuildFile section */
		E1EF103B2A7577B10060C728 /* barcodeApp.swift in Sources */ = {isa = PBXBuildFile; fileRef = E1EF103A2A7577B10060C728 /* barcodeApp.swift */; };
		E1EF103D2A7577B10060C728 /* ContentView.swift in Sources */ = {isa = PBXBuildFile; fileRef = E1EF103C2A7577B10060C728 /* ContentView.swift */; };
		E1EF103F2A7577B20060C728 /* Assets.xcassets in Resources */ = {isa = PBXBuildFile; fileRef = E1EF103E2A7577B20060C728 /* Assets.xcassets */; };
		E1EF10422A7577B20060C728 /* Preview Assets.xcassets in Resources */ = {isa = PBXBuildFile; fileRef = E1EF10412A7577B20060C728 /* Preview Assets.xcassets */; };
		E1EF104C2A7577B20060C728 /* barcodeTests.swift in Sources */ = {isa = PBXBuildFile; fileRef = E1EF104B2A7577B20060C728 /* barcodeTests.swift */; };
		E1EF10562A7577B20060C728 /* barcodeUITests.swift in Sources */ = {isa = PBXBuildFile; fileRef = E1EF10552A7577B20060C728 /* barcodeUITests.swift */; };
		E1EF10582A7577B20060C728 /* barcodeUITestsLaunchTests.swift in Sources */ = {isa = PBXBuildFile; fileRef = E1EF10572A7577B20060C728 /* barcodeUITestsLaunchTests.swift */; };
		E1FAA2662A7614200030D760 /* CodeScanner in Frameworks */ = {isa = PBXBuildFile; productRef = E1FAA2652A7614200030D760 /* CodeScanner */; };
/* End PBXBuildFile section */

/* Begin PBXContainerItemProxy section */
		E1EF10482A7577B20060C728 /* PBXContainerItemProxy */ = {
			isa = PBXContainerItemProxy;
			containerPortal = E1EF102F2A7577B10060C728 /* Project object */;
			proxyType = 1;
			remoteGlobalIDString = E1EF10362A7577B10060C728;
			remoteInfo = barcode;
		};
		E1EF10522A7577B20060C728 /* PBXContainerItemProxy */ = {
			isa = PBXContainerItemProxy;
			containerPortal = E1EF102F2A7577B10060C728 /* Project object */;
			proxyType = 1;
			remoteGlobalIDString = E1EF10362A7577B10060C728;
			remoteInfo = barcode;
		};
/* End PBXContainerItemProxy section */

/* Begin PBXFileReference section */
		E1EF10372A7577B10060C728 /* barcode.app */ = {isa = PBXFileReference; explicitFileType = wrapper.application; includeInIndex = 0; path = barcode.app; sourceTree = BUILT_PRODUCTS_DIR; };
		E1EF103A2A7577B10060C728 /* barcodeApp.swift */ = {isa = PBXFileReference; lastKnownFileType = sourcecode.swift; path = barcodeApp.swift; sourceTree = "<group>"; };
		E1EF103C2A7577B10060C728 /* ContentView.swift */ = {isa = PBXFileReference; lastKnownFileType = sourcecode.swift; path = ContentView.swift; sourceTree = "<group>"; };
		E1EF103E2A7577B20060C728 /* Assets.xcassets */ = {isa = PBXFileReference; lastKnownFileType = folder.assetcatalog; path = Assets.xcassets; sourceTree = "<group>"; };
		E1EF10412A7577B20060C728 /* Preview Assets.xcassets */ = {isa = PBXFileReference; lastKnownFileType = folder.assetcatalog; path = "Preview Assets.xcassets"; sourceTree = "<group>"; };
		E1EF10472A7577B20060C728 /* barcodeTests.xctest */ = {isa = PBXFileReference; explicitFileType = wrapper.cfbundle; includeInIndex = 0; path = barcodeTests.xctest; sourceTree = BUILT_PRODUCTS_DIR; };
		E1EF104B2A7577B20060C728 /* barcodeTests.swift */ = {isa = PBXFileReference; lastKnownFileType = sourcecode.swift; path = barcodeTests.swift; sourceTree = "<group>"; };
		E1EF10512A7577B20060C728 /* barcodeUITests.xctest */ = {isa = PBXFileReference; explicitFileType = wrapper.cfbundle; includeInIndex = 0; path = barcodeUITests.xctest; sourceTree = BUILT_PRODUCTS_DIR; };
		E1EF10552A7577B20060C728 /* barcodeUITests.swift */ = {isa = PBXFileReference; lastKnownFileType = sourcecode.swift; path = barcodeUITests.swift; sourceTree = "<group>"; };
		E1EF10572A7577B20060C728 /* barcodeUITestsLaunchTests.swift */ = {isa = PBXFileReference; lastKnownFileType = sourcecode.swift; path = barcodeUITestsLaunchTests.swift; sourceTree = "<group>"; };
/* End PBXFileReference section */

/* Begin PBXFrameworksBuildPhase section */
		E1EF10342A7577B10060C728 /* Frameworks */ = {
			isa = PBXFrameworksBuildPhase;
			buildActionMask = 2147483647;
			files = (
				E1FAA2662A7614200030D760 /* CodeScanner in Frameworks */,
			);
			runOnlyForDeploymentPostprocessing = 0;
		};
		E1EF10442A7577B20060C728 /* Frameworks */ = {
			isa = PBXFrameworksBuildPhase;
			buildActionMask = 2147483647;
			files = (
			);
			runOnlyForDeploymentPostprocessing = 0;
		};
		E1EF104E2A7577B20060C728 /* Frameworks */ = {
			isa = PBXFrameworksBuildPhase;
			buildActionMask = 2147483647;
			files = (
			);
			runOnlyForDeploymentPostprocessing = 0;
		};
/* End PBXFrameworksBuildPhase section */

/* Begin PBXGroup section */
		E1EF102E2A7577B10060C728 = {
			isa = PBXGroup;
			children = (
				E1EF10392A7577B10060C728 /* barcode */,
				E1EF104A2A7577B20060C728 /* barcodeTests */,
				E1EF10542A7577B20060C728 /* barcodeUITests */,
				E1EF10382A7577B10060C728 /* Products */,
			);
			sourceTree = "<group>";
		};
		E1EF10382A7577B10060C728 /* Products */ = {
			isa = PBXGroup;
			children = (
				E1EF10372A7577B10060C728 /* barcode.app */,
				E1EF10472A7577B20060C728 /* barcodeTests.xctest */,
				E1EF10512A7577B20060C728 /* barcodeUITests.xctest */,
			);
			name = Products;
			sourceTree = "<group>";
		};
		E1EF10392A7577B10060C728 /* barcode */ = {
			isa = PBXGroup;
			children = (
				E1EF103A2A7577B10060C728 /* barcodeApp.swift */,
				E1EF103C2A7577B10060C728 /* ContentView.swift */,
				E1EF103E2A7577B20060C728 /* Assets.xcassets */,
				E1EF10402A7577B20060C728 /* Preview Content */,
			);
			path = barcode;
			sourceTree = "<group>";
		};
		E1EF10402A7577B20060C728 /* Preview Content */ = {
			isa = PBXGroup;
			children = (
				E1EF10412A7577B20060C728 /* Preview Assets.xcassets */,
			);
			path = "Preview Content";
			sourceTree = "<group>";
		};
		E1EF104A2A7577B20060C728 /* barcodeTests */ = {
			isa = PBXGroup;
			children = (
				E1EF104B2A7577B20060C728 /* barcodeTests.swift */,
			);
			path = barcodeTests;
			sourceTree = "<group>";
		};
		E1EF10542A7577B20060C728 /* barcodeUITests */ = {
			isa = PBXGroup;
			children = (
				E1EF10552A7577B20060C728 /* barcodeUITests.swift */,
				E1EF10572A7577B20060C728 /* barcodeUITestsLaunchTests.swift */,
			);
			path = barcodeUITests;
			sourceTree = "<group>";
		};
/* End PBXGroup section */

/* Begin PBXNativeTarget section */
		E1EF10362A7577B10060C728 /* barcode */ = {
			isa = PBXNativeTarget;
			buildConfigurationList = E1EF105B2A7577B20060C728 /* Build configuration list for PBXNativeTarget "barcode" */;
			buildPhases = (
				E1EF10332A7577B10060C728 /* Sources */,
				E1EF10342A7577B10060C728 /* Frameworks */,
				E1EF10352A7577B10060C728 /* Resources */,
			);
			buildRules = (
			);
			dependencies = (
			);
			name = barcode;
			packageProductDependencies = (
				E1FAA2652A7614200030D760 /* CodeScanner */,
			);
			productName = barcode;
			productReference = E1EF10372A7577B10060C728 /* barcode.app */;
			productType = "com.apple.product-type.application";
		};
		E1EF10462A7577B20060C728 /* barcodeTests */ = {
			isa = PBXNativeTarget;
			buildConfigurationList = E1EF105E2A7577B20060C728 /* Build configuration list for PBXNativeTarget "barcodeTests" */;
			buildPhases = (
				E1EF10432A7577B20060C728 /* Sources */,
				E1EF10442A7577B20060C728 /* Frameworks */,
				E1EF10452A7577B20060C728 /* Resources */,
			);
			buildRules = (
			);
			dependencies = (
				E1EF10492A7577B20060C728 /* PBXTargetDependency */,
			);
			name = barcodeTests;
			productName = barcodeTests;
			productReference = E1EF10472A7577B20060C728 /* barcodeTests.xctest */;
			productType = "com.apple.product-type.bundle.unit-test";
		};
		E1EF10502A7577B20060C728 /* barcodeUITests */ = {
			isa = PBXNativeTarget;
			buildConfigurationList = E1EF10612A7577B20060C728 /* Build configuration list for PBXNativeTarget "barcodeUITests" */;
			buildPhases = (
				E1EF104D2A7577B20060C728 /* Sources */,
				E1EF104E2A7577B20060C728 /* Frameworks */,
				E1EF104F2A7577B20060C728 /* Resources */,
			);
			buildRules = (
			);
			dependencies = (
				E1EF10532A7577B20060C728 /* PBXTargetDependency */,
			);
			name = barcodeUITests;
			productName = barcodeUITests;
			productReference = E1EF10512A7577B20060C728 /* barcodeUITests.xctest */;
			productType = "com.apple.product-type.bundle.ui-testing";
		};
/* End PBXNativeTarget section */

/* Begin PBXProject section */
		E1EF102F2A7577B10060C728 /* Project object */ = {
			isa = PBXProject;
			attributes = {
				BuildIndependentTargetsInParallel = 1;
				LastSwiftUpdateCheck = 1430;
				LastUpgradeCheck = 1430;
				TargetAttributes = {
					E1EF10362A7577B10060C728 = {
						CreatedOnToolsVersion = 14.3.1;
					};
					E1EF10462A7577B20060C728 = {
						CreatedOnToolsVersion = 14.3.1;
						TestTargetID = E1EF10362A7577B10060C728;
					};
					E1EF10502A7577B20060C728 = {
						CreatedOnToolsVersion = 14.3.1;
						TestTargetID = E1EF10362A7577B10060C728;
					};
				};
			};
			buildConfigurationList = E1EF10322A7577B10060C728 /* Build configuration list for PBXProject "barcode" */;
			compatibilityVersion = "Xcode 14.0";
			developmentRegion = en;
			hasScannedForEncodings = 0;
			knownRegions = (
				en,
				Base,
			);
			mainGroup = E1EF102E2A7577B10060C728;
			packageReferences = (
				E1FAA2642A7614200030D760 /* XCRemoteSwiftPackageReference "CodeScanner" */,
			);
			productRefGroup = E1EF10382A7577B10060C728 /* Products */;
			projectDirPath = "";
			projectRoot = "";
			targets = (
				E1EF10362A7577B10060C728 /* barcode */,
				E1EF10462A7577B20060C728 /* barcodeTests */,
				E1EF10502A7577B20060C728 /* barcodeUITests */,
			);
		};
/* End PBXProject section */

/* Begin PBXResourcesBuildPhase section */
		E1EF10352A7577B10060C728 /* Resources */ = {
			isa = PBXResourcesBuildPhase;
			buildActionMask = 2147483647;
			files = (
				E1EF10422A7577B20060C728 /* Preview Assets.xcassets in Resources */,
				E1EF103F2A7577B20060C728 /* Assets.xcassets in Resources */,
			);
			runOnlyForDeploymentPostprocessing = 0;
		};
		E1EF10452A7577B20060C728 /* Resources */ = {
			isa = PBXResourcesBuildPhase;
			buildActionMask = 2147483647;
			files = (
			);
			runOnlyForDeploymentPostprocessing = 0;
		};
		E1EF104F2A7577B20060C728 /* Resources */ = {
			isa = PBXResourcesBuildPhase;
			buildActionMask = 2147483647;
			files = (
			);
			runOnlyForDeploymentPostprocessing = 0;
		};
/* End PBXResourcesBuildPhase section */

/* Begin PBXSourcesBuildPhase section */
		E1EF10332A7577B10060C728 /* Sources */ = {
			isa = PBXSourcesBuildPhase;
			buildActionMask = 2147483647;
			files = (
				E1EF103D2A7577B10060C728 /* ContentView.swift in Sources */,
				E1EF103B2A7577B10060C728 /* barcodeApp.swift in Sources */,
			);
			runOnlyForDeploymentPostprocessing = 0;
		};
		E1EF10432A7577B20060C728 /* Sources */ = {
			isa = PBXSourcesBuildPhase;
			buildActionMask = 2147483647;
			files = (
				E1EF104C2A7577B20060C728 /* barcodeTests.swift in Sources */,
			);
			runOnlyForDeploymentPostprocessing = 0;
		};
		E1EF104D2A7577B20060C728 /* Sources */ = {
			isa = PBXSourcesBuildPhase;
			buildActionMask = 2147483647;
			files = (
				E1EF10562A7577B20060C728 /* barcodeUITests.swift in Sources */,
				E1EF10582A7577B20060C728 /* barcodeUITestsLaunchTests.swift in Sources */,
			);
			runOnlyForDeploymentPostprocessing = 0;
		};
/* End PBXSourcesBuildPhase section */

/* Begin PBXTargetDependency section */
		E1EF10492A7577B20060C728 /* PBXTargetDependency */ = {
			isa = PBXTargetDependency;
			target = E1EF10362A7577B10060C728 /* barcode */;
			targetProxy = E1EF10482A7577B20060C728 /* PBXContainerItemProxy */;
		};
		E1EF10532A7577B20060C728 /* PBXTargetDependency */ = {
			isa = PBXTargetDependency;
			target = E1EF10362A7577B10060C728 /* barcode */;
			targetProxy = E1EF10522A7577B20060C728 /* PBXContainerItemProxy */;
		};
/* End PBXTargetDependency section */

/* Begin XCBuildConfiguration section */
		E1EF10592A7577B20060C728 /* Debug */ = {
			isa = XCBuildConfiguration;
			buildSettings = {
				ALWAYS_SEARCH_USER_PATHS = NO;
				CLANG_ANALYZER_NONNULL = YES;
				CLANG_ANALYZER_NUMBER_OBJECT_CONVERSION = YES_AGGRESSIVE;
				CLANG_CXX_LANGUAGE_STANDARD = "gnu++20";
				CLANG_ENABLE_MODULES = YES;
				CLANG_ENABLE_OBJC_ARC = YES;
				CLANG_ENABLE_OBJC_WEAK = YES;
				CLANG_WARN_BLOCK_CAPTURE_AUTORELEASING = YES;
				CLANG_WARN_BOOL_CONVERSION = YES;
				CLANG_WARN_COMMA = YES;
				CLANG_WARN_CONSTANT_CONVERSION = YES;
				CLANG_WARN_DEPRECATED_OBJC_IMPLEMENTATIONS = YES;
				CLANG_WARN_DIRECT_OBJC_ISA_USAGE = YES_ERROR;
				CLANG_WARN_DOCUMENTATION_COMMENTS = YES;
				CLANG_WARN_EMPTY_BODY = YES;
				CLANG_WARN_ENUM_CONVERSION = YES;
				CLANG_WARN_INFINITE_RECURSION = YES;
				CLANG_WARN_INT_CONVERSION = YES;
				CLANG_WARN_NON_LITERAL_NULL_CONVERSION = YES;
				CLANG_WARN_OBJC_IMPLICIT_RETAIN_SELF = YES;
				CLANG_WARN_OBJC_LITERAL_CONVERSION = YES;
				CLANG_WARN_OBJC_ROOT_CLASS = YES_ERROR;
				CLANG_WARN_QUOTED_INCLUDE_IN_FRAMEWORK_HEADER = YES;
				CLANG_WARN_RANGE_LOOP_ANALYSIS = YES;
				CLANG_WARN_STRICT_PROTOTYPES = YES;
				CLANG_WARN_SUSPICIOUS_MOVE = YES;
				CLANG_WARN_UNGUARDED_AVAILABILITY = YES_AGGRESSIVE;
				CLANG_WARN_UNREACHABLE_CODE = YES;
				CLANG_WARN__DUPLICATE_METHOD_MATCH = YES;
				COPY_PHASE_STRIP = NO;
				DEBUG_INFORMATION_FORMAT = dwarf;
				ENABLE_STRICT_OBJC_MSGSEND = YES;
				ENABLE_TESTABILITY = YES;
				GCC_C_LANGUAGE_STANDARD = gnu11;
				GCC_DYNAMIC_NO_PIC = NO;
				GCC_NO_COMMON_BLOCKS = YES;
				GCC_OPTIMIZATION_LEVEL = 0;
				GCC_PREPROCESSOR_DEFINITIONS = (
					"DEBUG=1",
					"$(inherited)",
				);
				GCC_WARN_64_TO_32_BIT_CONVERSION = YES;
				GCC_WARN_ABOUT_RETURN_TYPE = YES_ERROR;
				GCC_WARN_UNDECLARED_SELECTOR = YES;
				GCC_WARN_UNINITIALIZED_AUTOS = YES_AGGRESSIVE;
				GCC_WARN_UNUSED_FUNCTION = YES;
				GCC_WARN_UNUSED_VARIABLE = YES;
				IPHONEOS_DEPLOYMENT_TARGET = 16.4;
				MTL_ENABLE_DEBUG_INFO = INCLUDE_SOURCE;
				MTL_FAST_MATH = YES;
				ONLY_ACTIVE_ARCH = YES;
				SDKROOT = iphoneos;
				SWIFT_ACTIVE_COMPILATION_CONDITIONS = DEBUG;
				SWIFT_OPTIMIZATION_LEVEL = "-Onone";
			};
			name = Debug;
		};
		E1EF105A2A7577B20060C728 /* Release */ = {
			isa = XCBuildConfiguration;
			buildSettings = {
				ALWAYS_SEARCH_USER_PATHS = NO;
				CLANG_ANALYZER_NONNULL = YES;
				CLANG_ANALYZER_NUMBER_OBJECT_CONVERSION = YES_AGGRESSIVE;
				CLANG_CXX_LANGUAGE_STANDARD = "gnu++20";
				CLANG_ENABLE_MODULES = YES;
				CLANG_ENABLE_OBJC_ARC = YES;
				CLANG_ENABLE_OBJC_WEAK = YES;
				CLANG_WARN_BLOCK_CAPTURE_AUTORELEASING = YES;
				CLANG_WARN_BOOL_CONVERSION = YES;
				CLANG_WARN_COMMA = YES;
				CLANG_WARN_CONSTANT_CONVERSION = YES;
				CLANG_WARN_DEPRECATED_OBJC_IMPLEMENTATIONS = YES;
				CLANG_WARN_DIRECT_OBJC_ISA_USAGE = YES_ERROR;
				CLANG_WARN_DOCUMENTATION_COMMENTS = YES;
				CLANG_WARN_EMPTY_BODY = YES;
				CLANG_WARN_ENUM_CONVERSION = YES;
				CLANG_WARN_INFINITE_RECURSION = YES;
				CLANG_WARN_INT_CONVERSION = YES;
				CLANG_WARN_NON_LITERAL_NULL_CONVERSION = YES;
				CLANG_WARN_OBJC_IMPLICIT_RETAIN_SELF = YES;
				CLANG_WARN_OBJC_LITERAL_CONVERSION = YES;
				CLANG_WARN_OBJC_ROOT_CLASS = YES_ERROR;
				CLANG_WARN_QUOTED_INCLUDE_IN_FRAMEWORK_HEADER = YES;
				CLANG_WARN_RANGE_LOOP_ANALYSIS = YES;
				CLANG_WARN_STRICT_PROTOTYPES = YES;
				CLANG_WARN_SUSPICIOUS_MOVE = YES;
				CLANG_WARN_UNGUARDED_AVAILABILITY = YES_AGGRESSIVE;
				CLANG_WARN_UNREACHABLE_CODE = YES;
				CLANG_WARN__DUPLICATE_METHOD_MATCH = YES;
				COPY_PHASE_STRIP = NO;
				DEBUG_INFORMATION_FORMAT = "dwarf-with-dsym";
				ENABLE_NS_ASSERTIONS = NO;
				ENABLE_STRICT_OBJC_MSGSEND = YES;
				GCC_C_LANGUAGE_STANDARD = gnu11;
				GCC_NO_COMMON_BLOCKS = YES;
				GCC_WARN_64_TO_32_BIT_CONVERSION = YES;
				GCC_WARN_ABOUT_RETURN_TYPE = YES_ERROR;
				GCC_WARN_UNDECLARED_SELECTOR = YES;
				GCC_WARN_UNINITIALIZED_AUTOS = YES_AGGRESSIVE;
				GCC_WARN_UNUSED_FUNCTION = YES;
				GCC_WARN_UNUSED_VARIABLE = YES;
				IPHONEOS_DEPLOYMENT_TARGET = 16.4;
				MTL_ENABLE_DEBUG_INFO = NO;
				MTL_FAST_MATH = YES;
				SDKROOT = iphoneos;
				SWIFT_COMPILATION_MODE = wholemodule;
				SWIFT_OPTIMIZATION_LEVEL = "-O";
				VALIDATE_PRODUCT = YES;
			};
			name = Release;
		};
		E1EF105C2A7577B20060C728 /* Debug */ = {
			isa = XCBuildConfiguration;
			buildSettings = {
				ASSETCATALOG_COMPILER_APPICON_NAME = AppIcon;
				ASSETCATALOG_COMPILER_GLOBAL_ACCENT_COLOR_NAME = AccentColor;
				CODE_SIGN_STYLE = Automatic;
				CURRENT_PROJECT_VERSION = 1;
				DEVELOPMENT_ASSET_PATHS = "\"barcode/Preview Content\"";
				DEVELOPMENT_TEAM = 7R659T9Y9Q;
				ENABLE_PREVIEWS = YES;
				GENERATE_INFOPLIST_FILE = YES;
				INFOPLIST_KEY_NSCameraUsageDescription = "We need the camera to scan QR codes.";
				INFOPLIST_KEY_UIApplicationSceneManifest_Generation = YES;
				INFOPLIST_KEY_UIApplicationSupportsIndirectInputEvents = YES;
				INFOPLIST_KEY_UILaunchScreen_Generation = YES;
				INFOPLIST_KEY_UISupportedInterfaceOrientations_iPad = "UIInterfaceOrientationPortrait UIInterfaceOrientationPortraitUpsideDown UIInterfaceOrientationLandscapeLeft UIInterfaceOrientationLandscapeRight";
				INFOPLIST_KEY_UISupportedInterfaceOrientations_iPhone = "UIInterfaceOrientationPortrait UIInterfaceOrientationLandscapeLeft UIInterfaceOrientationLandscapeRight";
				INFOPLIST_KEY_UIUserInterfaceStyle = Light;
				LD_RUNPATH_SEARCH_PATHS = (
					"$(inherited)",
					"@executable_path/Frameworks",
				);
				MARKETING_VERSION = 1.0;
				PRODUCT_BUNDLE_IDENTIFIER = iqbal.barcode;
				PRODUCT_NAME = "$(TARGET_NAME)";
				SWIFT_EMIT_LOC_STRINGS = YES;
				SWIFT_VERSION = 5.0;
				TARGETED_DEVICE_FAMILY = "1,2";
			};
			name = Debug;
		};
		E1EF105D2A7577B20060C728 /* Release */ = {
			isa = XCBuildConfiguration;
			buildSettings = {
				ASSETCATALOG_COMPILER_APPICON_NAME = AppIcon;
				ASSETCATALOG_COMPILER_GLOBAL_ACCENT_COLOR_NAME = AccentColor;
				CODE_SIGN_STYLE = Automatic;
				CURRENT_PROJECT_VERSION = 1;
				DEVELOPMENT_ASSET_PATHS = "\"barcode/Preview Content\"";
				DEVELOPMENT_TEAM = 7R659T9Y9Q;
				ENABLE_PREVIEWS = YES;
				GENERATE_INFOPLIST_FILE = YES;
				INFOPLIST_KEY_NSCameraUsageDescription = "We need the camera to scan QR codes.";
				INFOPLIST_KEY_UIApplicationSceneManifest_Generation = YES;
				INFOPLIST_KEY_UIApplicationSupportsIndirectInputEvents = YES;
				INFOPLIST_KEY_UILaunchScreen_Generation = YES;
				INFOPLIST_KEY_UISupportedInterfaceOrientations_iPad = "UIInterfaceOrientationPortrait UIInterfaceOrientationPortraitUpsideDown UIInterfaceOrientationLandscapeLeft UIInterfaceOrientationLandscapeRight";
				INFOPLIST_KEY_UISupportedInterfaceOrientations_iPhone = "UIInterfaceOrientationPortrait UIInterfaceOrientationLandscapeLeft UIInterfaceOrientationLandscapeRight";
				INFOPLIST_KEY_UIUserInterfaceStyle = Light;
				LD_RUNPATH_SEARCH_PATHS = (
					"$(inherited)",
					"@executable_path/Frameworks",
				);
				MARKETING_VERSION = 1.0;
				PRODUCT_BUNDLE_IDENTIFIER = iqbal.barcode;
				PRODUCT_NAME = "$(TARGET_NAME)";
				SWIFT_EMIT_LOC_STRINGS = YES;
				SWIFT_VERSION = 5.0;
				TARGETED_DEVICE_FAMILY = "1,2";
			};
			name = Release;
		};
		E1EF105F2A7577B20060C728 /* Debug */ = {
			isa = XCBuildConfiguration;
			buildSettings = {
				ALWAYS_EMBED_SWIFT_STANDARD_LIBRARIES = YES;
				BUNDLE_LOADER = "$(TEST_HOST)";
				CODE_SIGN_STYLE = Automatic;
				CURRENT_PROJECT_VERSION = 1;
				GENERATE_INFOPLIST_FILE = YES;
				IPHONEOS_DEPLOYMENT_TARGET = 16.4;
				MARKETING_VERSION = 1.0;
				PRODUCT_BUNDLE_IDENTIFIER = iqbal.barcodeTests;
				PRODUCT_NAME = "$(TARGET_NAME)";
				SWIFT_EMIT_LOC_STRINGS = NO;
				SWIFT_VERSION = 5.0;
				TARGETED_DEVICE_FAMILY = "1,2";
				TEST_HOST = "$(BUILT_PRODUCTS_DIR)/barcode.app/$(BUNDLE_EXECUTABLE_FOLDER_PATH)/barcode";
			};
			name = Debug;
		};
		E1EF10602A7577B20060C728 /* Release */ = {
			isa = XCBuildConfiguration;
			buildSettings = {
				ALWAYS_EMBED_SWIFT_STANDARD_LIBRARIES = YES;
				BUNDLE_LOADER = "$(TEST_HOST)";
				CODE_SIGN_STYLE = Automatic;
				CURRENT_PROJECT_VERSION = 1;
				GENERATE_INFOPLIST_FILE = YES;
				IPHONEOS_DEPLOYMENT_TARGET = 16.4;
				MARKETING_VERSION = 1.0;
				PRODUCT_BUNDLE_IDENTIFIER = iqbal.barcodeTests;
				PRODUCT_NAME = "$(TARGET_NAME)";
				SWIFT_EMIT_LOC_STRINGS = NO;
				SWIFT_VERSION = 5.0;
				TARGETED_DEVICE_FAMILY = "1,2";
				TEST_HOST = "$(BUILT_PRODUCTS_DIR)/barcode.app/$(BUNDLE_EXECUTABLE_FOLDER_PATH)/barcode";
			};
			name = Release;
		};
		E1EF10622A7577B20060C728 /* Debug */ = {
			isa = XCBuildConfiguration;
			buildSettings = {
				ALWAYS_EMBED_SWIFT_STANDARD_LIBRARIES = YES;
				CODE_SIGN_STYLE = Automatic;
				CURRENT_PROJECT_VERSION = 1;
				GENERATE_INFOPLIST_FILE = YES;
				MARKETING_VERSION = 1.0;
				PRODUCT_BUNDLE_IDENTIFIER = iqbal.barcodeUITests;
				PRODUCT_NAME = "$(TARGET_NAME)";
				SWIFT_EMIT_LOC_STRINGS = NO;
				SWIFT_VERSION = 5.0;
				TARGETED_DEVICE_FAMILY = "1,2";
				TEST_TARGET_NAME = barcode;
			};
			name = Debug;
		};
		E1EF10632A7577B20060C728 /* Release */ = {
			isa = XCBuildConfiguration;
			buildSettings = {
				ALWAYS_EMBED_SWIFT_STANDARD_LIBRARIES = YES;
				CODE_SIGN_STYLE = Automatic;
				CURRENT_PROJECT_VERSION = 1;
				GENERATE_INFOPLIST_FILE = YES;
				MARKETING_VERSION = 1.0;
				PRODUCT_BUNDLE_IDENTIFIER = iqbal.barcodeUITests;
				PRODUCT_NAME = "$(TARGET_NAME)";
				SWIFT_EMIT_LOC_STRINGS = NO;
				SWIFT_VERSION = 5.0;
				TARGETED_DEVICE_FAMILY = "1,2";
				TEST_TARGET_NAME = barcode;
			};
			name = Release;
		};
/* End XCBuildConfiguration section */

/* Begin XCConfigurationList section */
		E1EF10322A7577B10060C728 /* Build configuration list for PBXProject "barcode" */ = {
			isa = XCConfigurationList;
			buildConfigurations = (
				E1EF10592A7577B20060C728 /* Debug */,
				E1EF105A2A7577B20060C728 /* Release */,
			);
			defaultConfigurationIsVisible = 0;
			defaultConfigurationName = Release;
		};
		E1EF105B2A7577B20060C728 /* Build configuration list for PBXNativeTarget "barcode" */ = {
			isa = XCConfigurationList;
			buildConfigurations = (
				E1EF105C2A7577B20060C728 /* Debug */,
				E1EF105D2A7577B20060C728 /* Release */,
			);
			defaultConfigurationIsVisible = 0;
			defaultConfigurationName = Release;
		};
		E1EF105E2A7577B20060C728 /* Build configuration list for PBXNativeTarget "barcodeTests" */ = {
			isa = XCConfigurationList;
			buildConfigurations = (
				E1EF105F2A7577B20060C728 /* Debug */,
				E1EF10602A7577B20060C728 /* Release */,
			);
			defaultConfigurationIsVisible = 0;
			defaultConfigurationName = Release;
		};
		E1EF10612A7577B20060C728 /* Build configuration list for PBXNativeTarget "barcodeUITests" */ = {
			isa = XCConfigurationList;
			buildConfigurations = (
				E1EF10622A7577B20060C728 /* Debug */,
				E1EF10632A7577B20060C728 /* Release */,
			);
			defaultConfigurationIsVisible = 0;
			defaultConfigurationName = Release;
		};
/* End XCConfigurationList section */

/* Begin XCRemoteSwiftPackageReference section */
		E1FAA2642A7614200030D760 /* XCRemoteSwiftPackageReference "CodeScanner" */ = {
			isa = XCRemoteSwiftPackageReference;
			repositoryURL = "https://github.com/twostraws/CodeScanner";
			requirement = {
				kind = upToNextMajorVersion;
				minimumVersion = 2.0.0;
			};
		};
/* End XCRemoteSwiftPackageReference section */

/* Begin XCSwiftPackageProductDependency section */
		E1FAA2652A7614200030D760 /* CodeScanner */ = {
			isa = XCSwiftPackageProductDependency;
			package = E1FAA2642A7614200030D760 /* XCRemoteSwiftPackageReference "CodeScanner" */;
			productName = CodeScanner;
		};
/* End XCSwiftPackageProductDependency section */
	};
	rootObject = E1EF102F2A7577B10060C728 /* Project object */;
}
